
Microsoft Visual Studio Solution File, Format Version 12.00
Project("{FAE04EC0-301F-11D3-BF4B-00C04F79EFBC}") = "Lexer", "Lexer\Lexer.csproj", "{C7120325-54B3-4A41-86E1-F90D67147197}"
EndProject
Project("{FAE04EC0-301F-11D3-BF4B-00C04F79EFBC}") = "Parser", "Parser\Parser.csproj", "{0A8ECFB4-3FB9-42A5-850A-7EF09080B158}"
EndProject
Project("{FAE04EC0-301F-11D3-BF4B-00C04F79EFBC}") = "Compiler", "Compiler\Compiler.csproj", "{04879CC5-BA96-4113-BD26-639EFD0635FF}"
EndProject
Global
	GlobalSection(SolutionConfigurationPlatforms) = preSolution
		Debug|Any CPU = Debug|Any CPU
		Release|Any CPU = Release|Any CPU
	EndGlobalSection
	GlobalSection(ProjectConfigurationPlatforms) = postSolution
		{C7120325-54B3-4A41-86E1-F90D67147197}.Debug|Any CPU.ActiveCfg = Debug|Any CPU
		{C7120325-54B3-4A41-86E1-F90D67147197}.Debug|Any CPU.Build.0 = Debug|Any CPU
		{C7120325-54B3-4A41-86E1-F90D67147197}.Release|Any CPU.ActiveCfg = Release|Any CPU
		{C7120325-54B3-4A41-86E1-F90D67147197}.Release|Any CPU.Build.0 = Release|Any CPU
		{0A8ECFB4-3FB9-42A5-850A-7EF09080B158}.Debug|Any CPU.ActiveCfg = Debug|Any CPU
		{0A8ECFB4-3FB9-42A5-850A-7EF09080B158}.Debug|Any CPU.Build.0 = Debug|Any CPU
		{0A8ECFB4-3FB9-42A5-850A-7EF09080B158}.Release|Any CPU.ActiveCfg = Release|Any CPU
		{0A8ECFB4-3FB9-42A5-850A-7EF09080B158}.Release|Any CPU.Build.0 = Release|Any CPU
		{04879CC5-BA96-4113-BD26-639EFD0635FF}.Debug|Any CPU.ActiveCfg = Debug|Any CPU
		{04879CC5-BA96-4113-BD26-639EFD0635FF}.Debug|Any CPU.Build.0 = Debug|Any CPU
		{04879CC5-BA96-4113-BD26-639EFD0635FF}.Release|Any CPU.ActiveCfg = Release|Any CPU
		{04879CC5-BA96-4113-BD26-639EFD0635FF}.Release|Any CPU.Build.0 = Release|Any CPU
	EndGlobalSection
EndGlobal
